// !$*UTF8*$!
{
	archiveVersion = 1;
	classes = {
	};
	objectVersion = 77;
	objects = {

/* Begin PBXBuildFile section */
		2E074D1F2D49CAFC00375131 /* ContentView.swift in Sources */ = {isa = PBXBuildFile; fileRef = 2E074D1E2D49CAFC00375131 /* ContentView.swift */; };
		2E074D402D49CAFE00375131 /* benodoro Watch App.app in Embed Watch Content */ = {isa = PBXBuildFile; fileRef = 2E074D3F2D49CAFE00375131 /* benodoro Watch App.app */; settings = {ATTRIBUTES = (RemoveHeadersOnCopy, ); }; };
		2E074D972D49CBAB00375131 /* WidgetKit.framework in Frameworks */ = {isa = PBXBuildFile; fileRef = 2E074D7E2D49CB7500375131 /* WidgetKit.framework */; };
		2E074D982D49CBAB00375131 /* SwiftUI.framework in Frameworks */ = {isa = PBXBuildFile; fileRef = 2E074D802D49CB7500375131 /* SwiftUI.framework */; };
		2E074DA32D49CBAC00375131 /* benodoroWatchWidgetExtension.appex in Embed Foundation Extensions */ = {isa = PBXBuildFile; fileRef = 2E074D962D49CBAB00375131 /* benodoroWatchWidgetExtension.appex */; settings = {ATTRIBUTES = (RemoveHeadersOnCopy, ); }; };
		2E074DDE2D49DAB200375131 /* ContentView.swift in Sources */ = {isa = PBXBuildFile; fileRef = 2E074D1E2D49CAFC00375131 /* ContentView.swift */; };
		2E074DDF2D49DAB200375131 /* ContentView.swift in Sources */ = {isa = PBXBuildFile; fileRef = 2E074D1E2D49CAFC00375131 /* ContentView.swift */; };
		2E074DE02D49DAB200375131 /* ContentView.swift in Sources */ = {isa = PBXBuildFile; fileRef = 2E074D1E2D49CAFC00375131 /* ContentView.swift */; };
		2E6D0DC22D4DD813005E82F8 /* PomodoroManager.swift in Sources */ = {isa = PBXBuildFile; fileRef = 2E6D0DC12D4DD813005E82F8 /* PomodoroManager.swift */; };
		2E6D0DC32D4DD813005E82F8 /* PomodoroManager.swift in Sources */ = {isa = PBXBuildFile; fileRef = 2E6D0DC12D4DD813005E82F8 /* PomodoroManager.swift */; };
		2E6D0DC42D4DD813005E82F8 /* PomodoroManager.swift in Sources */ = {isa = PBXBuildFile; fileRef = 2E6D0DC12D4DD813005E82F8 /* PomodoroManager.swift */; };
		2E6D0DC52D4DD813005E82F8 /* PomodoroManager.swift in Sources */ = {isa = PBXBuildFile; fileRef = 2E6D0DC12D4DD813005E82F8 /* PomodoroManager.swift */; };
/* End PBXBuildFile section */

/* Begin PBXContainerItemProxy section */
		2E074D2A2D49CAFE00375131 /* PBXContainerItemProxy */ = {
			isa = PBXContainerItemProxy;
			containerPortal = 2E074D112D49CAFC00375131 /* Project object */;
			proxyType = 1;
			remoteGlobalIDString = 2E074D182D49CAFC00375131;
			remoteInfo = benodoro;
		};
		2E074D342D49CAFE00375131 /* PBXContainerItemProxy */ = {
			isa = PBXContainerItemProxy;
			containerPortal = 2E074D112D49CAFC00375131 /* Project object */;
			proxyType = 1;
			remoteGlobalIDString = 2E074D182D49CAFC00375131;
			remoteInfo = benodoro;
		};
		2E074D412D49CAFE00375131 /* PBXContainerItemProxy */ = {
			isa = PBXContainerItemProxy;
			containerPortal = 2E074D112D49CAFC00375131 /* Project object */;
			proxyType = 1;
			remoteGlobalIDString = 2E074D3E2D49CAFE00375131;
			remoteInfo = "benodoro Watch App";
		};
		2E074D522D49CAFF00375131 /* PBXContainerItemProxy */ = {
			isa = PBXContainerItemProxy;
			containerPortal = 2E074D112D49CAFC00375131 /* Project object */;
			proxyType = 1;
			remoteGlobalIDString = 2E074D3E2D49CAFE00375131;
			remoteInfo = "benodoro Watch App";
		};
		2E074D5C2D49CAFF00375131 /* PBXContainerItemProxy */ = {
			isa = PBXContainerItemProxy;
			containerPortal = 2E074D112D49CAFC00375131 /* Project object */;
			proxyType = 1;
			remoteGlobalIDString = 2E074D3E2D49CAFE00375131;
			remoteInfo = "benodoro Watch App";
		};
		2E074DA12D49CBAC00375131 /* PBXContainerItemProxy */ = {
			isa = PBXContainerItemProxy;
			containerPortal = 2E074D112D49CAFC00375131 /* Project object */;
			proxyType = 1;
			remoteGlobalIDString = 2E074D952D49CBAB00375131;
			remoteInfo = benodoroWatchWidgetExtension;
		};
		2E074DBD2D49CECC00375131 /* PBXContainerItemProxy */ = {
			isa = PBXContainerItemProxy;
			containerPortal = 2E074D112D49CAFC00375131 /* Project object */;
			proxyType = 1;
			remoteGlobalIDString = 2E074DAB2D49CECA00375131;
			remoteInfo = benodoroMacApp;
		};
		2E074DC72D49CECC00375131 /* PBXContainerItemProxy */ = {
			isa = PBXContainerItemProxy;
			containerPortal = 2E074D112D49CAFC00375131 /* Project object */;
			proxyType = 1;
			remoteGlobalIDString = 2E074DAB2D49CECA00375131;
			remoteInfo = benodoroMacApp;
		};
/* End PBXContainerItemProxy section */

/* Begin PBXCopyFilesBuildPhase section */
		2E074D682D49CAFF00375131 /* Embed Watch Content */ = {
			isa = PBXCopyFilesBuildPhase;
			buildActionMask = 2147483647;
			dstPath = "$(CONTENTS_FOLDER_PATH)/Watch";
			dstSubfolderSpec = 16;
			files = (
				2E074D402D49CAFE00375131 /* benodoro Watch App.app in Embed Watch Content */,
			);
			name = "Embed Watch Content";
			runOnlyForDeploymentPostprocessing = 0;
		};
		2E074D912D49CB7700375131 /* Embed Foundation Extensions */ = {
			isa = PBXCopyFilesBuildPhase;
			buildActionMask = 2147483647;
			dstPath = "";
			dstSubfolderSpec = 13;
			files = (
				2E074DA32D49CBAC00375131 /* benodoroWatchWidgetExtension.appex in Embed Foundation Extensions */,
			);
			name = "Embed Foundation Extensions";
			runOnlyForDeploymentPostprocessing = 0;
		};
/* End PBXCopyFilesBuildPhase section */

/* Begin PBXFileReference section */
		2E074D192D49CAFC00375131 /* benodoro.app */ = {isa = PBXFileReference; explicitFileType = wrapper.application; includeInIndex = 0; path = benodoro.app; sourceTree = BUILT_PRODUCTS_DIR; };
		2E074D1E2D49CAFC00375131 /* ContentView.swift */ = {isa = PBXFileReference; lastKnownFileType = sourcecode.swift; path = ContentView.swift; sourceTree = "<group>"; };
		2E074D292D49CAFE00375131 /* benodoroTests.xctest */ = {isa = PBXFileReference; explicitFileType = wrapper.cfbundle; includeInIndex = 0; path = benodoroTests.xctest; sourceTree = BUILT_PRODUCTS_DIR; };
		2E074D332D49CAFE00375131 /* benodoroUITests.xctest */ = {isa = PBXFileReference; explicitFileType = wrapper.cfbundle; includeInIndex = 0; path = benodoroUITests.xctest; sourceTree = BUILT_PRODUCTS_DIR; };
		2E074D3F2D49CAFE00375131 /* benodoro Watch App.app */ = {isa = PBXFileReference; explicitFileType = wrapper.application; includeInIndex = 0; path = "benodoro Watch App.app"; sourceTree = BUILT_PRODUCTS_DIR; };
		2E074D512D49CAFF00375131 /* benodoro Watch AppTests.xctest */ = {isa = PBXFileReference; explicitFileType = wrapper.cfbundle; includeInIndex = 0; path = "benodoro Watch AppTests.xctest"; sourceTree = BUILT_PRODUCTS_DIR; };
		2E074D5B2D49CAFF00375131 /* benodoro Watch AppUITests.xctest */ = {isa = PBXFileReference; explicitFileType = wrapper.cfbundle; includeInIndex = 0; path = "benodoro Watch AppUITests.xctest"; sourceTree = BUILT_PRODUCTS_DIR; };
		2E074D7E2D49CB7500375131 /* WidgetKit.framework */ = {isa = PBXFileReference; lastKnownFileType = wrapper.framework; name = WidgetKit.framework; path = System/Library/Frameworks/WidgetKit.framework; sourceTree = SDKROOT; };
		2E074D802D49CB7500375131 /* SwiftUI.framework */ = {isa = PBXFileReference; lastKnownFileType = wrapper.framework; name = SwiftUI.framework; path = System/Library/Frameworks/SwiftUI.framework; sourceTree = SDKROOT; };
		2E074D962D49CBAB00375131 /* benodoroWatchWidgetExtension.appex */ = {isa = PBXFileReference; explicitFileType = "wrapper.app-extension"; includeInIndex = 0; path = benodoroWatchWidgetExtension.appex; sourceTree = BUILT_PRODUCTS_DIR; };
		2E074DAC2D49CECA00375131 /* benodoroMacApp.app */ = {isa = PBXFileReference; explicitFileType = wrapper.application; includeInIndex = 0; path = benodoroMacApp.app; sourceTree = BUILT_PRODUCTS_DIR; };
		2E074DBC2D49CECC00375131 /* benodoroMacAppTests.xctest */ = {isa = PBXFileReference; explicitFileType = wrapper.cfbundle; includeInIndex = 0; path = benodoroMacAppTests.xctest; sourceTree = BUILT_PRODUCTS_DIR; };
		2E074DC62D49CECC00375131 /* benodoroMacAppUITests.xctest */ = {isa = PBXFileReference; explicitFileType = wrapper.cfbundle; includeInIndex = 0; path = benodoroMacAppUITests.xctest; sourceTree = BUILT_PRODUCTS_DIR; };
		2E074DDD2D49D29E00375131 /* benodoroWatchWidgetExtension.entitlements */ = {isa = PBXFileReference; lastKnownFileType = text.plist.entitlements; path = benodoroWatchWidgetExtension.entitlements; sourceTree = "<group>"; };
		2E6D0DC12D4DD813005E82F8 /* PomodoroManager.swift */ = {isa = PBXFileReference; lastKnownFileType = sourcecode.swift; path = PomodoroManager.swift; sourceTree = "<group>"; };
/* End PBXFileReference section */

/* Begin PBXFileSystemSynchronizedBuildFileExceptionSet section */
		2E074DA42D49CBAC00375131 /* Exceptions for "benodoroWatchWidget" folder in "benodoroWatchWidgetExtension" target */ = {
			isa = PBXFileSystemSynchronizedBuildFileExceptionSet;
			membershipExceptions = (
				Info.plist,
			);
			target = 2E074D952D49CBAB00375131 /* benodoroWatchWidgetExtension */;
		};
/* End PBXFileSystemSynchronizedBuildFileExceptionSet section */

/* Begin PBXFileSystemSynchronizedRootGroup section */
		2E074D1B2D49CAFC00375131 /* benodoro */ = {
			isa = PBXFileSystemSynchronizedRootGroup;
			path = benodoro;
			sourceTree = "<group>";
		};
		2E074D2C2D49CAFE00375131 /* benodoroTests */ = {
			isa = PBXFileSystemSynchronizedRootGroup;
			path = benodoroTests;
			sourceTree = "<group>";
		};
		2E074D362D49CAFE00375131 /* benodoroUITests */ = {
			isa = PBXFileSystemSynchronizedRootGroup;
			path = benodoroUITests;
			sourceTree = "<group>";
		};
		2E074D432D49CAFE00375131 /* benodoro Watch App */ = {
			isa = PBXFileSystemSynchronizedRootGroup;
			path = "benodoro Watch App";
			sourceTree = "<group>";
		};
		2E074D542D49CAFF00375131 /* benodoro Watch AppTests */ = {
			isa = PBXFileSystemSynchronizedRootGroup;
			path = "benodoro Watch AppTests";
			sourceTree = "<group>";
		};
		2E074D5E2D49CAFF00375131 /* benodoro Watch AppUITests */ = {
			isa = PBXFileSystemSynchronizedRootGroup;
			path = "benodoro Watch AppUITests";
			sourceTree = "<group>";
		};
		2E074D992D49CBAB00375131 /* benodoroWatchWidget */ = {
			isa = PBXFileSystemSynchronizedRootGroup;
			exceptions = (
				2E074DA42D49CBAC00375131 /* Exceptions for "benodoroWatchWidget" folder in "benodoroWatchWidgetExtension" target */,
			);
			path = benodoroWatchWidget;
			sourceTree = "<group>";
		};
		2E074DAD2D49CECA00375131 /* benodoroMacApp */ = {
			isa = PBXFileSystemSynchronizedRootGroup;
			path = benodoroMacApp;
			sourceTree = "<group>";
		};
		2E074DBF2D49CECC00375131 /* benodoroMacAppTests */ = {
			isa = PBXFileSystemSynchronizedRootGroup;
			path = benodoroMacAppTests;
			sourceTree = "<group>";
		};
		2E074DC92D49CECC00375131 /* benodoroMacAppUITests */ = {
			isa = PBXFileSystemSynchronizedRootGroup;
			path = benodoroMacAppUITests;
			sourceTree = "<group>";
		};
/* End PBXFileSystemSynchronizedRootGroup section */

/* Begin PBXFrameworksBuildPhase section */
		2E074D162D49CAFC00375131 /* Frameworks */ = {
			isa = PBXFrameworksBuildPhase;
			buildActionMask = 2147483647;
			files = (
			);
			runOnlyForDeploymentPostprocessing = 0;
		};
		2E074D262D49CAFE00375131 /* Frameworks */ = {
			isa = PBXFrameworksBuildPhase;
			buildActionMask = 2147483647;
			files = (
			);
			runOnlyForDeploymentPostprocessing = 0;
		};
		2E074D302D49CAFE00375131 /* Frameworks */ = {
			isa = PBXFrameworksBuildPhase;
			buildActionMask = 2147483647;
			files = (
			);
			runOnlyForDeploymentPostprocessing = 0;
		};
		2E074D3C2D49CAFE00375131 /* Frameworks */ = {
			isa = PBXFrameworksBuildPhase;
			buildActionMask = 2147483647;
			files = (
			);
			runOnlyForDeploymentPostprocessing = 0;
		};
		2E074D4E2D49CAFF00375131 /* Frameworks */ = {
			isa = PBXFrameworksBuildPhase;
			buildActionMask = 2147483647;
			files = (
			);
			runOnlyForDeploymentPostprocessing = 0;
		};
		2E074D582D49CAFF00375131 /* Frameworks */ = {
			isa = PBXFrameworksBuildPhase;
			buildActionMask = 2147483647;
			files = (
			);
			runOnlyForDeploymentPostprocessing = 0;
		};
		2E074D932D49CBAB00375131 /* Frameworks */ = {
			isa = PBXFrameworksBuildPhase;
			buildActionMask = 2147483647;
			files = (
				2E074D982D49CBAB00375131 /* SwiftUI.framework in Frameworks */,
				2E074D972D49CBAB00375131 /* WidgetKit.framework in Frameworks */,
			);
			runOnlyForDeploymentPostprocessing = 0;
		};
		2E074DA92D49CECA00375131 /* Frameworks */ = {
			isa = PBXFrameworksBuildPhase;
			buildActionMask = 2147483647;
			files = (
			);
			runOnlyForDeploymentPostprocessing = 0;
		};
		2E074DB92D49CECC00375131 /* Frameworks */ = {
			isa = PBXFrameworksBuildPhase;
			buildActionMask = 2147483647;
			files = (
			);
			runOnlyForDeploymentPostprocessing = 0;
		};
		2E074DC32D49CECC00375131 /* Frameworks */ = {
			isa = PBXFrameworksBuildPhase;
			buildActionMask = 2147483647;
			files = (
			);
			runOnlyForDeploymentPostprocessing = 0;
		};
/* End PBXFrameworksBuildPhase section */

/* Begin PBXGroup section */
		2E074D102D49CAFC00375131 = {
			isa = PBXGroup;
			children = (
				2E074DDD2D49D29E00375131 /* benodoroWatchWidgetExtension.entitlements */,
				2E074D1E2D49CAFC00375131 /* ContentView.swift */,
				2E6D0DC12D4DD813005E82F8 /* PomodoroManager.swift */,
				2E074D1B2D49CAFC00375131 /* benodoro */,
				2E074D2C2D49CAFE00375131 /* benodoroTests */,
				2E074D362D49CAFE00375131 /* benodoroUITests */,
				2E074D432D49CAFE00375131 /* benodoro Watch App */,
				2E074D542D49CAFF00375131 /* benodoro Watch AppTests */,
				2E074D5E2D49CAFF00375131 /* benodoro Watch AppUITests */,
				2E074D992D49CBAB00375131 /* benodoroWatchWidget */,
				2E074DAD2D49CECA00375131 /* benodoroMacApp */,
				2E074DBF2D49CECC00375131 /* benodoroMacAppTests */,
				2E074DC92D49CECC00375131 /* benodoroMacAppUITests */,
				2E074D7D2D49CB7500375131 /* Frameworks */,
				2E074D1A2D49CAFC00375131 /* Products */,
			);
			sourceTree = "<group>";
		};
		2E074D1A2D49CAFC00375131 /* Products */ = {
			isa = PBXGroup;
			children = (
				2E074D192D49CAFC00375131 /* benodoro.app */,
				2E074D292D49CAFE00375131 /* benodoroTests.xctest */,
				2E074D332D49CAFE00375131 /* benodoroUITests.xctest */,
				2E074D3F2D49CAFE00375131 /* benodoro Watch App.app */,
				2E074D512D49CAFF00375131 /* benodoro Watch AppTests.xctest */,
				2E074D5B2D49CAFF00375131 /* benodoro Watch AppUITests.xctest */,
				2E074D962D49CBAB00375131 /* benodoroWatchWidgetExtension.appex */,
				2E074DAC2D49CECA00375131 /* benodoroMacApp.app */,
				2E074DBC2D49CECC00375131 /* benodoroMacAppTests.xctest */,
				2E074DC62D49CECC00375131 /* benodoroMacAppUITests.xctest */,
			);
			name = Products;
			sourceTree = "<group>";
		};
		2E074D7D2D49CB7500375131 /* Frameworks */ = {
			isa = PBXGroup;
			children = (
				2E074D7E2D49CB7500375131 /* WidgetKit.framework */,
				2E074D802D49CB7500375131 /* SwiftUI.framework */,
			);
			name = Frameworks;
			sourceTree = "<group>";
		};
/* End PBXGroup section */

/* Begin PBXNativeTarget section */
		2E074D182D49CAFC00375131 /* benodoro */ = {
			isa = PBXNativeTarget;
			buildConfigurationList = 2E074D692D49CAFF00375131 /* Build configuration list for PBXNativeTarget "benodoro" */;
			buildPhases = (
				2E074D152D49CAFC00375131 /* Sources */,
				2E074D162D49CAFC00375131 /* Frameworks */,
				2E074D172D49CAFC00375131 /* Resources */,
				2E074D682D49CAFF00375131 /* Embed Watch Content */,
			);
			buildRules = (
			);
			dependencies = (
				2E074D422D49CAFE00375131 /* PBXTargetDependency */,
			);
			fileSystemSynchronizedGroups = (
				2E074D1B2D49CAFC00375131 /* benodoro */,
			);
			name = benodoro;
			packageProductDependencies = (
			);
			productName = benodoro;
			productReference = 2E074D192D49CAFC00375131 /* benodoro.app */;
			productType = "com.apple.product-type.application";
		};
		2E074D282D49CAFE00375131 /* benodoroTests */ = {
			isa = PBXNativeTarget;
			buildConfigurationList = 2E074D6C2D49CAFF00375131 /* Build configuration list for PBXNativeTarget "benodoroTests" */;
			buildPhases = (
				2E074D252D49CAFE00375131 /* Sources */,
				2E074D262D49CAFE00375131 /* Frameworks */,
				2E074D272D49CAFE00375131 /* Resources */,
			);
			buildRules = (
			);
			dependencies = (
				2E074D2B2D49CAFE00375131 /* PBXTargetDependency */,
			);
			fileSystemSynchronizedGroups = (
				2E074D2C2D49CAFE00375131 /* benodoroTests */,
			);
			name = benodoroTests;
			packageProductDependencies = (
			);
			productName = benodoroTests;
			productReference = 2E074D292D49CAFE00375131 /* benodoroTests.xctest */;
			productType = "com.apple.product-type.bundle.unit-test";
		};
		2E074D322D49CAFE00375131 /* benodoroUITests */ = {
			isa = PBXNativeTarget;
			buildConfigurationList = 2E074D6F2D49CAFF00375131 /* Build configuration list for PBXNativeTarget "benodoroUITests" */;
			buildPhases = (
				2E074D2F2D49CAFE00375131 /* Sources */,
				2E074D302D49CAFE00375131 /* Frameworks */,
				2E074D312D49CAFE00375131 /* Resources */,
			);
			buildRules = (
			);
			dependencies = (
				2E074D352D49CAFE00375131 /* PBXTargetDependency */,
			);
			fileSystemSynchronizedGroups = (
				2E074D362D49CAFE00375131 /* benodoroUITests */,
			);
			name = benodoroUITests;
			packageProductDependencies = (
			);
			productName = benodoroUITests;
			productReference = 2E074D332D49CAFE00375131 /* benodoroUITests.xctest */;
			productType = "com.apple.product-type.bundle.ui-testing";
		};
		2E074D3E2D49CAFE00375131 /* benodoro Watch App */ = {
			isa = PBXNativeTarget;
			buildConfigurationList = 2E074D652D49CAFF00375131 /* Build configuration list for PBXNativeTarget "benodoro Watch App" */;
			buildPhases = (
				2E074D3B2D49CAFE00375131 /* Sources */,
				2E074D3C2D49CAFE00375131 /* Frameworks */,
				2E074D3D2D49CAFE00375131 /* Resources */,
				2E074D912D49CB7700375131 /* Embed Foundation Extensions */,
			);
			buildRules = (
			);
			dependencies = (
				2E074DA22D49CBAC00375131 /* PBXTargetDependency */,
			);
			fileSystemSynchronizedGroups = (
				2E074D432D49CAFE00375131 /* benodoro Watch App */,
			);
			name = "benodoro Watch App";
			packageProductDependencies = (
			);
			productName = "benodoro Watch App";
			productReference = 2E074D3F2D49CAFE00375131 /* benodoro Watch App.app */;
			productType = "com.apple.product-type.application";
		};
		2E074D502D49CAFF00375131 /* benodoro Watch AppTests */ = {
			isa = PBXNativeTarget;
			buildConfigurationList = 2E074D722D49CAFF00375131 /* Build configuration list for PBXNativeTarget "benodoro Watch AppTests" */;
			buildPhases = (
				2E074D4D2D49CAFF00375131 /* Sources */,
				2E074D4E2D49CAFF00375131 /* Frameworks */,
				2E074D4F2D49CAFF00375131 /* Resources */,
			);
			buildRules = (
			);
			dependencies = (
				2E074D532D49CAFF00375131 /* PBXTargetDependency */,
			);
			fileSystemSynchronizedGroups = (
				2E074D542D49CAFF00375131 /* benodoro Watch AppTests */,
			);
			name = "benodoro Watch AppTests";
			packageProductDependencies = (
			);
			productName = "benodoro Watch AppTests";
			productReference = 2E074D512D49CAFF00375131 /* benodoro Watch AppTests.xctest */;
			productType = "com.apple.product-type.bundle.unit-test";
		};
		2E074D5A2D49CAFF00375131 /* benodoro Watch AppUITests */ = {
			isa = PBXNativeTarget;
			buildConfigurationList = 2E074D752D49CAFF00375131 /* Build configuration list for PBXNativeTarget "benodoro Watch AppUITests" */;
			buildPhases = (
				2E074D572D49CAFF00375131 /* Sources */,
				2E074D582D49CAFF00375131 /* Frameworks */,
				2E074D592D49CAFF00375131 /* Resources */,
			);
			buildRules = (
			);
			dependencies = (
				2E074D5D2D49CAFF00375131 /* PBXTargetDependency */,
			);
			fileSystemSynchronizedGroups = (
				2E074D5E2D49CAFF00375131 /* benodoro Watch AppUITests */,
			);
			name = "benodoro Watch AppUITests";
			packageProductDependencies = (
			);
			productName = "benodoro Watch AppUITests";
			productReference = 2E074D5B2D49CAFF00375131 /* benodoro Watch AppUITests.xctest */;
			productType = "com.apple.product-type.bundle.ui-testing";
		};
		2E074D952D49CBAB00375131 /* benodoroWatchWidgetExtension */ = {
			isa = PBXNativeTarget;
			buildConfigurationList = 2E074DA52D49CBAC00375131 /* Build configuration list for PBXNativeTarget "benodoroWatchWidgetExtension" */;
			buildPhases = (
				2E074D922D49CBAB00375131 /* Sources */,
				2E074D932D49CBAB00375131 /* Frameworks */,
				2E074D942D49CBAB00375131 /* Resources */,
			);
			buildRules = (
			);
			dependencies = (
			);
			fileSystemSynchronizedGroups = (
				2E074D992D49CBAB00375131 /* benodoroWatchWidget */,
			);
			name = benodoroWatchWidgetExtension;
			packageProductDependencies = (
			);
			productName = benodoroWatchWidgetExtension;
			productReference = 2E074D962D49CBAB00375131 /* benodoroWatchWidgetExtension.appex */;
			productType = "com.apple.product-type.app-extension";
		};
		2E074DAB2D49CECA00375131 /* benodoroMacApp */ = {
			isa = PBXNativeTarget;
			buildConfigurationList = 2E074DCE2D49CECC00375131 /* Build configuration list for PBXNativeTarget "benodoroMacApp" */;
			buildPhases = (
				2E074DA82D49CECA00375131 /* Sources */,
				2E074DA92D49CECA00375131 /* Frameworks */,
				2E074DAA2D49CECA00375131 /* Resources */,
			);
			buildRules = (
			);
			dependencies = (
			);
			fileSystemSynchronizedGroups = (
				2E074DAD2D49CECA00375131 /* benodoroMacApp */,
			);
			name = benodoroMacApp;
			packageProductDependencies = (
			);
			productName = benodoroMacApp;
			productReference = 2E074DAC2D49CECA00375131 /* benodoroMacApp.app */;
			productType = "com.apple.product-type.application";
		};
		2E074DBB2D49CECC00375131 /* benodoroMacAppTests */ = {
			isa = PBXNativeTarget;
			buildConfigurationList = 2E074DD12D49CECC00375131 /* Build configuration list for PBXNativeTarget "benodoroMacAppTests" */;
			buildPhases = (
				2E074DB82D49CECC00375131 /* Sources */,
				2E074DB92D49CECC00375131 /* Frameworks */,
				2E074DBA2D49CECC00375131 /* Resources */,
			);
			buildRules = (
			);
			dependencies = (
				2E074DBE2D49CECC00375131 /* PBXTargetDependency */,
			);
			fileSystemSynchronizedGroups = (
				2E074DBF2D49CECC00375131 /* benodoroMacAppTests */,
			);
			name = benodoroMacAppTests;
			packageProductDependencies = (
			);
			productName = benodoroMacAppTests;
			productReference = 2E074DBC2D49CECC00375131 /* benodoroMacAppTests.xctest */;
			productType = "com.apple.product-type.bundle.unit-test";
		};
		2E074DC52D49CECC00375131 /* benodoroMacAppUITests */ = {
			isa = PBXNativeTarget;
			buildConfigurationList = 2E074DD42D49CECC00375131 /* Build configuration list for PBXNativeTarget "benodoroMacAppUITests" */;
			buildPhases = (
				2E074DC22D49CECC00375131 /* Sources */,
				2E074DC32D49CECC00375131 /* Frameworks */,
				2E074DC42D49CECC00375131 /* Resources */,
			);
			buildRules = (
			);
			dependencies = (
				2E074DC82D49CECC00375131 /* PBXTargetDependency */,
			);
			fileSystemSynchronizedGroups = (
				2E074DC92D49CECC00375131 /* benodoroMacAppUITests */,
			);
			name = benodoroMacAppUITests;
			packageProductDependencies = (
			);
			productName = benodoroMacAppUITests;
			productReference = 2E074DC62D49CECC00375131 /* benodoroMacAppUITests.xctest */;
			productType = "com.apple.product-type.bundle.ui-testing";
		};
/* End PBXNativeTarget section */

/* Begin PBXProject section */
		2E074D112D49CAFC00375131 /* Project object */ = {
			isa = PBXProject;
			attributes = {
				BuildIndependentTargetsInParallel = 1;
				LastSwiftUpdateCheck = 1620;
				LastUpgradeCheck = 1620;
				TargetAttributes = {
					2E074D182D49CAFC00375131 = {
						CreatedOnToolsVersion = 16.2;
					};
					2E074D282D49CAFE00375131 = {
						CreatedOnToolsVersion = 16.2;
						TestTargetID = 2E074D182D49CAFC00375131;
					};
					2E074D322D49CAFE00375131 = {
						CreatedOnToolsVersion = 16.2;
						TestTargetID = 2E074D182D49CAFC00375131;
					};
					2E074D3E2D49CAFE00375131 = {
						CreatedOnToolsVersion = 16.2;
					};
					2E074D502D49CAFF00375131 = {
						CreatedOnToolsVersion = 16.2;
						TestTargetID = 2E074D3E2D49CAFE00375131;
					};
					2E074D5A2D49CAFF00375131 = {
						CreatedOnToolsVersion = 16.2;
						TestTargetID = 2E074D3E2D49CAFE00375131;
					};
					2E074D952D49CBAB00375131 = {
						CreatedOnToolsVersion = 16.2;
					};
					2E074DAB2D49CECA00375131 = {
						CreatedOnToolsVersion = 16.2;
					};
					2E074DBB2D49CECC00375131 = {
						CreatedOnToolsVersion = 16.2;
						TestTargetID = 2E074DAB2D49CECA00375131;
					};
					2E074DC52D49CECC00375131 = {
						CreatedOnToolsVersion = 16.2;
						TestTargetID = 2E074DAB2D49CECA00375131;
					};
				};
			};
			buildConfigurationList = 2E074D142D49CAFC00375131 /* Build configuration list for PBXProject "benodoro" */;
			developmentRegion = en;
			hasScannedForEncodings = 0;
			knownRegions = (
				en,
				Base,
			);
			mainGroup = 2E074D102D49CAFC00375131;
			minimizedProjectReferenceProxies = 1;
			preferredProjectObjectVersion = 77;
			productRefGroup = 2E074D1A2D49CAFC00375131 /* Products */;
			projectDirPath = "";
			projectRoot = "";
			targets = (
				2E074D182D49CAFC00375131 /* benodoro */,
				2E074D282D49CAFE00375131 /* benodoroTests */,
				2E074D322D49CAFE00375131 /* benodoroUITests */,
				2E074D3E2D49CAFE00375131 /* benodoro Watch App */,
				2E074D502D49CAFF00375131 /* benodoro Watch AppTests */,
				2E074D5A2D49CAFF00375131 /* benodoro Watch AppUITests */,
				2E074D952D49CBAB00375131 /* benodoroWatchWidgetExtension */,
				2E074DAB2D49CECA00375131 /* benodoroMacApp */,
				2E074DBB2D49CECC00375131 /* benodoroMacAppTests */,
				2E074DC52D49CECC00375131 /* benodoroMacAppUITests */,
			);
		};
/* End PBXProject section */

/* Begin PBXResourcesBuildPhase section */
		2E074D172D49CAFC00375131 /* Resources */ = {
			isa = PBXResourcesBuildPhase;
			buildActionMask = 2147483647;
			files = (
			);
			runOnlyForDeploymentPostprocessing = 0;
		};
		2E074D272D49CAFE00375131 /* Resources */ = {
			isa = PBXResourcesBuildPhase;
			buildActionMask = 2147483647;
			files = (
			);
			runOnlyForDeploymentPostprocessing = 0;
		};
		2E074D312D49CAFE00375131 /* Resources */ = {
			isa = PBXResourcesBuildPhase;
			buildActionMask = 2147483647;
			files = (
			);
			runOnlyForDeploymentPostprocessing = 0;
		};
		2E074D3D2D49CAFE00375131 /* Resources */ = {
			isa = PBXResourcesBuildPhase;
			buildActionMask = 2147483647;
			files = (
			);
			runOnlyForDeploymentPostprocessing = 0;
		};
		2E074D4F2D49CAFF00375131 /* Resources */ = {
			isa = PBXResourcesBuildPhase;
			buildActionMask = 2147483647;
			files = (
			);
			runOnlyForDeploymentPostprocessing = 0;
		};
		2E074D592D49CAFF00375131 /* Resources */ = {
			isa = PBXResourcesBuildPhase;
			buildActionMask = 2147483647;
			files = (
			);
			runOnlyForDeploymentPostprocessing = 0;
		};
		2E074D942D49CBAB00375131 /* Resources */ = {
			isa = PBXResourcesBuildPhase;
			buildActionMask = 2147483647;
			files = (
			);
			runOnlyForDeploymentPostprocessing = 0;
		};
		2E074DAA2D49CECA00375131 /* Resources */ = {
			isa = PBXResourcesBuildPhase;
			buildActionMask = 2147483647;
			files = (
			);
			runOnlyForDeploymentPostprocessing = 0;
		};
		2E074DBA2D49CECC00375131 /* Resources */ = {
			isa = PBXResourcesBuildPhase;
			buildActionMask = 2147483647;
			files = (
			);
			runOnlyForDeploymentPostprocessing = 0;
		};
		2E074DC42D49CECC00375131 /* Resources */ = {
			isa = PBXResourcesBuildPhase;
			buildActionMask = 2147483647;
			files = (
			);
			runOnlyForDeploymentPostprocessing = 0;
		};
/* End PBXResourcesBuildPhase section */

/* Begin PBXSourcesBuildPhase section */
		2E074D152D49CAFC00375131 /* Sources */ = {
			isa = PBXSourcesBuildPhase;
			buildActionMask = 2147483647;
			files = (
				2E074D1F2D49CAFC00375131 /* ContentView.swift in Sources */,
				2E6D0DC52D4DD813005E82F8 /* PomodoroManager.swift in Sources */,
			);
			runOnlyForDeploymentPostprocessing = 0;
		};
		2E074D252D49CAFE00375131 /* Sources */ = {
			isa = PBXSourcesBuildPhase;
			buildActionMask = 2147483647;
			files = (
			);
			runOnlyForDeploymentPostprocessing = 0;
		};
		2E074D2F2D49CAFE00375131 /* Sources */ = {
			isa = PBXSourcesBuildPhase;
			buildActionMask = 2147483647;
			files = (
			);
			runOnlyForDeploymentPostprocessing = 0;
		};
		2E074D3B2D49CAFE00375131 /* Sources */ = {
			isa = PBXSourcesBuildPhase;
			buildActionMask = 2147483647;
			files = (
				2E074DDE2D49DAB200375131 /* ContentView.swift in Sources */,
				2E6D0DC42D4DD813005E82F8 /* PomodoroManager.swift in Sources */,
			);
			runOnlyForDeploymentPostprocessing = 0;
		};
		2E074D4D2D49CAFF00375131 /* Sources */ = {
			isa = PBXSourcesBuildPhase;
			buildActionMask = 2147483647;
			files = (
			);
			runOnlyForDeploymentPostprocessing = 0;
		};
		2E074D572D49CAFF00375131 /* Sources */ = {
			isa = PBXSourcesBuildPhase;
			buildActionMask = 2147483647;
			files = (
			);
			runOnlyForDeploymentPostprocessing = 0;
		};
		2E074D922D49CBAB00375131 /* Sources */ = {
			isa = PBXSourcesBuildPhase;
			buildActionMask = 2147483647;
			files = (
				2E6D0DC32D4DD813005E82F8 /* PomodoroManager.swift in Sources */,
				2E074DDF2D49DAB200375131 /* ContentView.swift in Sources */,
			);
			runOnlyForDeploymentPostprocessing = 0;
		};
		2E074DA82D49CECA00375131 /* Sources */ = {
			isa = PBXSourcesBuildPhase;
			buildActionMask = 2147483647;
			files = (
				2E6D0DC22D4DD813005E82F8 /* PomodoroManager.swift in Sources */,
				2E074DE02D49DAB200375131 /* ContentView.swift in Sources */,
			);
			runOnlyForDeploymentPostprocessing = 0;
		};
		2E074DB82D49CECC00375131 /* Sources */ = {
			isa = PBXSourcesBuildPhase;
			buildActionMask = 2147483647;
			files = (
			);
			runOnlyForDeploymentPostprocessing = 0;
		};
		2E074DC22D49CECC00375131 /* Sources */ = {
			isa = PBXSourcesBuildPhase;
			buildActionMask = 2147483647;
			files = (
			);
			runOnlyForDeploymentPostprocessing = 0;
		};
/* End PBXSourcesBuildPhase section */

/* Begin PBXTargetDependency section */
		2E074D2B2D49CAFE00375131 /* PBXTargetDependency */ = {
			isa = PBXTargetDependency;
			target = 2E074D182D49CAFC00375131 /* benodoro */;
			targetProxy = 2E074D2A2D49CAFE00375131 /* PBXContainerItemProxy */;
		};
		2E074D352D49CAFE00375131 /* PBXTargetDependency */ = {
			isa = PBXTargetDependency;
			target = 2E074D182D49CAFC00375131 /* benodoro */;
			targetProxy = 2E074D342D49CAFE00375131 /* PBXContainerItemProxy */;
		};
		2E074D422D49CAFE00375131 /* PBXTargetDependency */ = {
			isa = PBXTargetDependency;
			target = 2E074D3E2D49CAFE00375131 /* benodoro Watch App */;
			targetProxy = 2E074D412D49CAFE00375131 /* PBXContainerItemProxy */;
		};
		2E074D532D49CAFF00375131 /* PBXTargetDependency */ = {
			isa = PBXTargetDependency;
			target = 2E074D3E2D49CAFE00375131 /* benodoro Watch App */;
			targetProxy = 2E074D522D49CAFF00375131 /* PBXContainerItemProxy */;
		};
		2E074D5D2D49CAFF00375131 /* PBXTargetDependency */ = {
			isa = PBXTargetDependency;
			target = 2E074D3E2D49CAFE00375131 /* benodoro Watch App */;
			targetProxy = 2E074D5C2D49CAFF00375131 /* PBXContainerItemProxy */;
		};
		2E074DA22D49CBAC00375131 /* PBXTargetDependency */ = {
			isa = PBXTargetDependency;
			target = 2E074D952D49CBAB00375131 /* benodoroWatchWidgetExtension */;
			targetProxy = 2E074DA12D49CBAC00375131 /* PBXContainerItemProxy */;
		};
		2E074DBE2D49CECC00375131 /* PBXTargetDependency */ = {
			isa = PBXTargetDependency;
			target = 2E074DAB2D49CECA00375131 /* benodoroMacApp */;
			targetProxy = 2E074DBD2D49CECC00375131 /* PBXContainerItemProxy */;
		};
		2E074DC82D49CECC00375131 /* PBXTargetDependency */ = {
			isa = PBXTargetDependency;
			target = 2E074DAB2D49CECA00375131 /* benodoroMacApp */;
			targetProxy = 2E074DC72D49CECC00375131 /* PBXContainerItemProxy */;
		};
/* End PBXTargetDependency section */

/* Begin XCBuildConfiguration section */
		2E074D632D49CAFF00375131 /* Debug */ = {
			isa = XCBuildConfiguration;
			buildSettings = {
				ALWAYS_SEARCH_USER_PATHS = NO;
				ASSETCATALOG_COMPILER_GENERATE_SWIFT_ASSET_SYMBOL_EXTENSIONS = YES;
				CLANG_ANALYZER_NONNULL = YES;
				CLANG_ANALYZER_NUMBER_OBJECT_CONVERSION = YES_AGGRESSIVE;
				CLANG_CXX_LANGUAGE_STANDARD = "gnu++20";
				CLANG_ENABLE_MODULES = YES;
				CLANG_ENABLE_OBJC_ARC = YES;
				CLANG_ENABLE_OBJC_WEAK = YES;
				CLANG_WARN_BLOCK_CAPTURE_AUTORELEASING = YES;
				CLANG_WARN_BOOL_CONVERSION = YES;
				CLANG_WARN_COMMA = YES;
				CLANG_WARN_CONSTANT_CONVERSION = YES;
				CLANG_WARN_DEPRECATED_OBJC_IMPLEMENTATIONS = YES;
				CLANG_WARN_DIRECT_OBJC_ISA_USAGE = YES_ERROR;
				CLANG_WARN_DOCUMENTATION_COMMENTS = YES;
				CLANG_WARN_EMPTY_BODY = YES;
				CLANG_WARN_ENUM_CONVERSION = YES;
				CLANG_WARN_INFINITE_RECURSION = YES;
				CLANG_WARN_INT_CONVERSION = YES;
				CLANG_WARN_NON_LITERAL_NULL_CONVERSION = YES;
				CLANG_WARN_OBJC_IMPLICIT_RETAIN_SELF = YES;
				CLANG_WARN_OBJC_LITERAL_CONVERSION = YES;
				CLANG_WARN_OBJC_ROOT_CLASS = YES_ERROR;
				CLANG_WARN_QUOTED_INCLUDE_IN_FRAMEWORK_HEADER = YES;
				CLANG_WARN_RANGE_LOOP_ANALYSIS = YES;
				CLANG_WARN_STRICT_PROTOTYPES = YES;
				CLANG_WARN_SUSPICIOUS_MOVE = YES;
				CLANG_WARN_UNGUARDED_AVAILABILITY = YES_AGGRESSIVE;
				CLANG_WARN_UNREACHABLE_CODE = YES;
				CLANG_WARN__DUPLICATE_METHOD_MATCH = YES;
				COPY_PHASE_STRIP = NO;
				DEBUG_INFORMATION_FORMAT = dwarf;
				ENABLE_STRICT_OBJC_MSGSEND = YES;
				ENABLE_TESTABILITY = YES;
				ENABLE_USER_SCRIPT_SANDBOXING = YES;
				GCC_C_LANGUAGE_STANDARD = gnu17;
				GCC_DYNAMIC_NO_PIC = NO;
				GCC_NO_COMMON_BLOCKS = YES;
				GCC_OPTIMIZATION_LEVEL = 0;
				GCC_PREPROCESSOR_DEFINITIONS = (
					"DEBUG=1",
					"$(inherited)",
				);
				GCC_WARN_64_TO_32_BIT_CONVERSION = YES;
				GCC_WARN_ABOUT_RETURN_TYPE = YES_ERROR;
				GCC_WARN_UNDECLARED_SELECTOR = YES;
				GCC_WARN_UNINITIALIZED_AUTOS = YES_AGGRESSIVE;
				GCC_WARN_UNUSED_FUNCTION = YES;
				GCC_WARN_UNUSED_VARIABLE = YES;
				LOCALIZATION_PREFERS_STRING_CATALOGS = YES;
				MTL_ENABLE_DEBUG_INFO = INCLUDE_SOURCE;
				MTL_FAST_MATH = YES;
				ONLY_ACTIVE_ARCH = YES;
				SWIFT_ACTIVE_COMPILATION_CONDITIONS = "DEBUG $(inherited)";
				SWIFT_OPTIMIZATION_LEVEL = "-Onone";
			};
			name = Debug;
		};
		2E074D642D49CAFF00375131 /* Release */ = {
			isa = XCBuildConfiguration;
			buildSettings = {
				ALWAYS_SEARCH_USER_PATHS = NO;
				ASSETCATALOG_COMPILER_GENERATE_SWIFT_ASSET_SYMBOL_EXTENSIONS = YES;
				CLANG_ANALYZER_NONNULL = YES;
				CLANG_ANALYZER_NUMBER_OBJECT_CONVERSION = YES_AGGRESSIVE;
				CLANG_CXX_LANGUAGE_STANDARD = "gnu++20";
				CLANG_ENABLE_MODULES = YES;
				CLANG_ENABLE_OBJC_ARC = YES;
				CLANG_ENABLE_OBJC_WEAK = YES;
				CLANG_WARN_BLOCK_CAPTURE_AUTORELEASING = YES;
				CLANG_WARN_BOOL_CONVERSION = YES;
				CLANG_WARN_COMMA = YES;
				CLANG_WARN_CONSTANT_CONVERSION = YES;
				CLANG_WARN_DEPRECATED_OBJC_IMPLEMENTATIONS = YES;
				CLANG_WARN_DIRECT_OBJC_ISA_USAGE = YES_ERROR;
				CLANG_WARN_DOCUMENTATION_COMMENTS = YES;
				CLANG_WARN_EMPTY_BODY = YES;
				CLANG_WARN_ENUM_CONVERSION = YES;
				CLANG_WARN_INFINITE_RECURSION = YES;
				CLANG_WARN_INT_CONVERSION = YES;
				CLANG_WARN_NON_LITERAL_NULL_CONVERSION = YES;
				CLANG_WARN_OBJC_IMPLICIT_RETAIN_SELF = YES;
				CLANG_WARN_OBJC_LITERAL_CONVERSION = YES;
				CLANG_WARN_OBJC_ROOT_CLASS = YES_ERROR;
				CLANG_WARN_QUOTED_INCLUDE_IN_FRAMEWORK_HEADER = YES;
				CLANG_WARN_RANGE_LOOP_ANALYSIS = YES;
				CLANG_WARN_STRICT_PROTOTYPES = YES;
				CLANG_WARN_SUSPICIOUS_MOVE = YES;
				CLANG_WARN_UNGUARDED_AVAILABILITY = YES_AGGRESSIVE;
				CLANG_WARN_UNREACHABLE_CODE = YES;
				CLANG_WARN__DUPLICATE_METHOD_MATCH = YES;
				COPY_PHASE_STRIP = NO;
				DEBUG_INFORMATION_FORMAT = "dwarf-with-dsym";
				ENABLE_NS_ASSERTIONS = NO;
				ENABLE_STRICT_OBJC_MSGSEND = YES;
				ENABLE_USER_SCRIPT_SANDBOXING = YES;
				GCC_C_LANGUAGE_STANDARD = gnu17;
				GCC_NO_COMMON_BLOCKS = YES;
				GCC_WARN_64_TO_32_BIT_CONVERSION = YES;
				GCC_WARN_ABOUT_RETURN_TYPE = YES_ERROR;
				GCC_WARN_UNDECLARED_SELECTOR = YES;
				GCC_WARN_UNINITIALIZED_AUTOS = YES_AGGRESSIVE;
				GCC_WARN_UNUSED_FUNCTION = YES;
				GCC_WARN_UNUSED_VARIABLE = YES;
				LOCALIZATION_PREFERS_STRING_CATALOGS = YES;
				MTL_ENABLE_DEBUG_INFO = NO;
				MTL_FAST_MATH = YES;
				SWIFT_COMPILATION_MODE = wholemodule;
			};
			name = Release;
		};
		2E074D662D49CAFF00375131 /* Debug */ = {
			isa = XCBuildConfiguration;
			buildSettings = {
				ASSETCATALOG_COMPILER_APPICON_NAME = AppIcon;
				ASSETCATALOG_COMPILER_GLOBAL_ACCENT_COLOR_NAME = AccentColor;
				CODE_SIGN_ENTITLEMENTS = "benodoro Watch App/benodoro Watch App.entitlements";
				CODE_SIGN_STYLE = Automatic;
				CURRENT_PROJECT_VERSION = 1;
				DEVELOPMENT_ASSET_PATHS = "\"benodoro Watch App/Preview Content\"";
				DEVELOPMENT_TEAM = VZPMV36P9L;
				ENABLE_PREVIEWS = YES;
				GENERATE_INFOPLIST_FILE = YES;
				INFOPLIST_KEY_CFBundleDisplayName = benodoro;
				INFOPLIST_KEY_UISupportedInterfaceOrientations = "UIInterfaceOrientationPortrait UIInterfaceOrientationPortraitUpsideDown";
				INFOPLIST_KEY_WKCompanionAppBundleIdentifier = com.bryandebourbon.benodoro;
				INFOPLIST_KEY_WKRunsIndependentlyOfCompanionApp = YES;
				LD_RUNPATH_SEARCH_PATHS = (
					"$(inherited)",
					"@executable_path/Frameworks",
				);
				MARKETING_VERSION = 1.0;
				PRODUCT_BUNDLE_IDENTIFIER = com.bryandebourbon.benodoro.watchkitapp;
				PRODUCT_NAME = "$(TARGET_NAME)";
				SDKROOT = watchos;
				SKIP_INSTALL = YES;
				SWIFT_EMIT_LOC_STRINGS = YES;
				SWIFT_VERSION = 5.0;
				TARGETED_DEVICE_FAMILY = 4;
				WATCHOS_DEPLOYMENT_TARGET = 11.0;
			};
			name = Debug;
		};
		2E074D672D49CAFF00375131 /* Release */ = {
			isa = XCBuildConfiguration;
			buildSettings = {
				ASSETCATALOG_COMPILER_APPICON_NAME = AppIcon;
				ASSETCATALOG_COMPILER_GLOBAL_ACCENT_COLOR_NAME = AccentColor;
				CODE_SIGN_ENTITLEMENTS = "benodoro Watch App/benodoro Watch App.entitlements";
				CODE_SIGN_STYLE = Automatic;
				CURRENT_PROJECT_VERSION = 1;
				DEVELOPMENT_ASSET_PATHS = "\"benodoro Watch App/Preview Content\"";
				DEVELOPMENT_TEAM = VZPMV36P9L;
				ENABLE_PREVIEWS = YES;
				GENERATE_INFOPLIST_FILE = YES;
				INFOPLIST_KEY_CFBundleDisplayName = benodoro;
				INFOPLIST_KEY_UISupportedInterfaceOrientations = "UIInterfaceOrientationPortrait UIInterfaceOrientationPortraitUpsideDown";
				INFOPLIST_KEY_WKCompanionAppBundleIdentifier = com.bryandebourbon.benodoro;
				INFOPLIST_KEY_WKRunsIndependentlyOfCompanionApp = YES;
				LD_RUNPATH_SEARCH_PATHS = (
					"$(inherited)",
					"@executable_path/Frameworks",
				);
				MARKETING_VERSION = 1.0;
				PRODUCT_BUNDLE_IDENTIFIER = com.bryandebourbon.benodoro.watchkitapp;
				PRODUCT_NAME = "$(TARGET_NAME)";
				SDKROOT = watchos;
				SKIP_INSTALL = YES;
				SWIFT_EMIT_LOC_STRINGS = YES;
				SWIFT_VERSION = 5.0;
				TARGETED_DEVICE_FAMILY = 4;
				VALIDATE_PRODUCT = YES;
				WATCHOS_DEPLOYMENT_TARGET = 11.0;
			};
			name = Release;
		};
		2E074D6A2D49CAFF00375131 /* Debug */ = {
			isa = XCBuildConfiguration;
			buildSettings = {
				ASSETCATALOG_COMPILER_APPICON_NAME = AppIcon;
				ASSETCATALOG_COMPILER_GLOBAL_ACCENT_COLOR_NAME = AccentColor;
				CODE_SIGN_ENTITLEMENTS = benodoro/benodoro.entitlements;
				CODE_SIGN_STYLE = Automatic;
				CURRENT_PROJECT_VERSION = 1;
				DEVELOPMENT_ASSET_PATHS = "\"benodoro/Preview Content\"";
				DEVELOPMENT_TEAM = VZPMV36P9L;
				ENABLE_PREVIEWS = YES;
				GENERATE_INFOPLIST_FILE = YES;
				INFOPLIST_KEY_CFBundleDisplayName = benodoro.ios;
				INFOPLIST_KEY_UIApplicationSceneManifest_Generation = YES;
				INFOPLIST_KEY_UIApplicationSupportsIndirectInputEvents = YES;
				INFOPLIST_KEY_UILaunchScreen_Generation = YES;
				INFOPLIST_KEY_UISupportedInterfaceOrientations_iPad = "UIInterfaceOrientationPortrait UIInterfaceOrientationPortraitUpsideDown UIInterfaceOrientationLandscapeLeft UIInterfaceOrientationLandscapeRight";
				INFOPLIST_KEY_UISupportedInterfaceOrientations_iPhone = "UIInterfaceOrientationPortrait UIInterfaceOrientationLandscapeLeft UIInterfaceOrientationLandscapeRight";
				IPHONEOS_DEPLOYMENT_TARGET = 18.2;
				LD_RUNPATH_SEARCH_PATHS = (
					"$(inherited)",
					"@executable_path/Frameworks",
				);
				MARKETING_VERSION = 1.0;
				PRODUCT_BUNDLE_IDENTIFIER = com.bryandebourbon.benodoro;
				PRODUCT_NAME = "$(TARGET_NAME)";
				SDKROOT = iphoneos;
				SWIFT_EMIT_LOC_STRINGS = YES;
				SWIFT_VERSION = 5.0;
				TARGETED_DEVICE_FAMILY = "1,2";
			};
			name = Debug;
		};
		2E074D6B2D49CAFF00375131 /* Release */ = {
			isa = XCBuildConfiguration;
			buildSettings = {
				ASSETCATALOG_COMPILER_APPICON_NAME = AppIcon;
				ASSETCATALOG_COMPILER_GLOBAL_ACCENT_COLOR_NAME = AccentColor;
				CODE_SIGN_ENTITLEMENTS = benodoro/benodoro.entitlements;
				CODE_SIGN_STYLE = Automatic;
				CURRENT_PROJECT_VERSION = 1;
				DEVELOPMENT_ASSET_PATHS = "\"benodoro/Preview Content\"";
				DEVELOPMENT_TEAM = VZPMV36P9L;
				ENABLE_PREVIEWS = YES;
				GENERATE_INFOPLIST_FILE = YES;
				INFOPLIST_KEY_CFBundleDisplayName = benodoro.ios;
				INFOPLIST_KEY_UIApplicationSceneManifest_Generation = YES;
				INFOPLIST_KEY_UIApplicationSupportsIndirectInputEvents = YES;
				INFOPLIST_KEY_UILaunchScreen_Generation = YES;
				INFOPLIST_KEY_UISupportedInterfaceOrientations_iPad = "UIInterfaceOrientationPortrait UIInterfaceOrientationPortraitUpsideDown UIInterfaceOrientationLandscapeLeft UIInterfaceOrientationLandscapeRight";
				INFOPLIST_KEY_UISupportedInterfaceOrientations_iPhone = "UIInterfaceOrientationPortrait UIInterfaceOrientationLandscapeLeft UIInterfaceOrientationLandscapeRight";
				IPHONEOS_DEPLOYMENT_TARGET = 18.2;
				LD_RUNPATH_SEARCH_PATHS = (
					"$(inherited)",
					"@executable_path/Frameworks",
				);
				MARKETING_VERSION = 1.0;
				PRODUCT_BUNDLE_IDENTIFIER = com.bryandebourbon.benodoro;
				PRODUCT_NAME = "$(TARGET_NAME)";
				SDKROOT = iphoneos;
				SWIFT_EMIT_LOC_STRINGS = YES;
				SWIFT_VERSION = 5.0;
				TARGETED_DEVICE_FAMILY = "1,2";
				VALIDATE_PRODUCT = YES;
			};
			name = Release;
		};
		2E074D6D2D49CAFF00375131 /* Debug */ = {
			isa = XCBuildConfiguration;
			buildSettings = {
				BUNDLE_LOADER = "$(TEST_HOST)";
				CODE_SIGN_STYLE = Automatic;
				CURRENT_PROJECT_VERSION = 1;
				DEVELOPMENT_TEAM = VZPMV36P9L;
				GENERATE_INFOPLIST_FILE = YES;
				IPHONEOS_DEPLOYMENT_TARGET = 18.2;
				MARKETING_VERSION = 1.0;
				PRODUCT_BUNDLE_IDENTIFIER = com.bryandebourbon.benodoroTests;
				PRODUCT_NAME = "$(TARGET_NAME)";
				SDKROOT = iphoneos;
				SWIFT_EMIT_LOC_STRINGS = NO;
				SWIFT_VERSION = 5.0;
				TARGETED_DEVICE_FAMILY = "1,2";
				TEST_HOST = "$(BUILT_PRODUCTS_DIR)/benodoro.app/$(BUNDLE_EXECUTABLE_FOLDER_PATH)/benodoro";
			};
			name = Debug;
		};
		2E074D6E2D49CAFF00375131 /* Release */ = {
			isa = XCBuildConfiguration;
			buildSettings = {
				BUNDLE_LOADER = "$(TEST_HOST)";
				CODE_SIGN_STYLE = Automatic;
				CURRENT_PROJECT_VERSION = 1;
				DEVELOPMENT_TEAM = VZPMV36P9L;
				GENERATE_INFOPLIST_FILE = YES;
				IPHONEOS_DEPLOYMENT_TARGET = 18.2;
				MARKETING_VERSION = 1.0;
				PRODUCT_BUNDLE_IDENTIFIER = com.bryandebourbon.benodoroTests;
				PRODUCT_NAME = "$(TARGET_NAME)";
				SDKROOT = iphoneos;
				SWIFT_EMIT_LOC_STRINGS = NO;
				SWIFT_VERSION = 5.0;
				TARGETED_DEVICE_FAMILY = "1,2";
				TEST_HOST = "$(BUILT_PRODUCTS_DIR)/benodoro.app/$(BUNDLE_EXECUTABLE_FOLDER_PATH)/benodoro";
				VALIDATE_PRODUCT = YES;
			};
			name = Release;
		};
		2E074D702D49CAFF00375131 /* Debug */ = {
			isa = XCBuildConfiguration;
			buildSettings = {
				CODE_SIGN_STYLE = Automatic;
				CURRENT_PROJECT_VERSION = 1;
				DEVELOPMENT_TEAM = VZPMV36P9L;
				GENERATE_INFOPLIST_FILE = YES;
				IPHONEOS_DEPLOYMENT_TARGET = 18.2;
				MARKETING_VERSION = 1.0;
				PRODUCT_BUNDLE_IDENTIFIER = com.bryandebourbon.benodoroUITests;
				PRODUCT_NAME = "$(TARGET_NAME)";
				SDKROOT = iphoneos;
				SWIFT_EMIT_LOC_STRINGS = NO;
				SWIFT_VERSION = 5.0;
				TARGETED_DEVICE_FAMILY = "1,2";
				TEST_TARGET_NAME = benodoro;
			};
			name = Debug;
		};
		2E074D712D49CAFF00375131 /* Release */ = {
			isa = XCBuildConfiguration;
			buildSettings = {
				CODE_SIGN_STYLE = Automatic;
				CURRENT_PROJECT_VERSION = 1;
				DEVELOPMENT_TEAM = VZPMV36P9L;
				GENERATE_INFOPLIST_FILE = YES;
				IPHONEOS_DEPLOYMENT_TARGET = 18.2;
				MARKETING_VERSION = 1.0;
				PRODUCT_BUNDLE_IDENTIFIER = com.bryandebourbon.benodoroUITests;
				PRODUCT_NAME = "$(TARGET_NAME)";
				SDKROOT = iphoneos;
				SWIFT_EMIT_LOC_STRINGS = NO;
				SWIFT_VERSION = 5.0;
				TARGETED_DEVICE_FAMILY = "1,2";
				TEST_TARGET_NAME = benodoro;
				VALIDATE_PRODUCT = YES;
			};
			name = Release;
		};
		2E074D732D49CAFF00375131 /* Debug */ = {
			isa = XCBuildConfiguration;
			buildSettings = {
				BUNDLE_LOADER = "$(TEST_HOST)";
				CODE_SIGN_STYLE = Automatic;
				CURRENT_PROJECT_VERSION = 1;
				DEVELOPMENT_TEAM = VZPMV36P9L;
				GENERATE_INFOPLIST_FILE = YES;
				MARKETING_VERSION = 1.0;
				PRODUCT_BUNDLE_IDENTIFIER = "com.bryandebourbon.benodoro-Watch-AppTests";
				PRODUCT_NAME = "$(TARGET_NAME)";
				SDKROOT = watchos;
				SWIFT_EMIT_LOC_STRINGS = NO;
				SWIFT_VERSION = 5.0;
				TARGETED_DEVICE_FAMILY = 4;
				TEST_HOST = "$(BUILT_PRODUCTS_DIR)/benodoro Watch App.app/$(BUNDLE_EXECUTABLE_FOLDER_PATH)/benodoro Watch App";
				WATCHOS_DEPLOYMENT_TARGET = 11.2;
			};
			name = Debug;
		};
		2E074D742D49CAFF00375131 /* Release */ = {
			isa = XCBuildConfiguration;
			buildSettings = {
				BUNDLE_LOADER = "$(TEST_HOST)";
				CODE_SIGN_STYLE = Automatic;
				CURRENT_PROJECT_VERSION = 1;
				DEVELOPMENT_TEAM = VZPMV36P9L;
				GENERATE_INFOPLIST_FILE = YES;
				MARKETING_VERSION = 1.0;
				PRODUCT_BUNDLE_IDENTIFIER = "com.bryandebourbon.benodoro-Watch-AppTests";
				PRODUCT_NAME = "$(TARGET_NAME)";
				SDKROOT = watchos;
				SWIFT_EMIT_LOC_STRINGS = NO;
				SWIFT_VERSION = 5.0;
				TARGETED_DEVICE_FAMILY = 4;
				TEST_HOST = "$(BUILT_PRODUCTS_DIR)/benodoro Watch App.app/$(BUNDLE_EXECUTABLE_FOLDER_PATH)/benodoro Watch App";
				VALIDATE_PRODUCT = YES;
				WATCHOS_DEPLOYMENT_TARGET = 11.2;
			};
			name = Release;
		};
		2E074D762D49CAFF00375131 /* Debug */ = {
			isa = XCBuildConfiguration;
			buildSettings = {
				CODE_SIGN_STYLE = Automatic;
				CURRENT_PROJECT_VERSION = 1;
				DEVELOPMENT_TEAM = VZPMV36P9L;
				GENERATE_INFOPLIST_FILE = YES;
				MARKETING_VERSION = 1.0;
				PRODUCT_BUNDLE_IDENTIFIER = "com.bryandebourbon.benodoro-Watch-AppUITests";
				PRODUCT_NAME = "$(TARGET_NAME)";
				SDKROOT = watchos;
				SWIFT_EMIT_LOC_STRINGS = NO;
				SWIFT_VERSION = 5.0;
				TARGETED_DEVICE_FAMILY = 4;
				TEST_TARGET_NAME = "benodoro Watch App";
				WATCHOS_DEPLOYMENT_TARGET = 11.2;
			};
			name = Debug;
		};
		2E074D772D49CAFF00375131 /* Release */ = {
			isa = XCBuildConfiguration;
			buildSettings = {
				CODE_SIGN_STYLE = Automatic;
				CURRENT_PROJECT_VERSION = 1;
				DEVELOPMENT_TEAM = VZPMV36P9L;
				GENERATE_INFOPLIST_FILE = YES;
				MARKETING_VERSION = 1.0;
				PRODUCT_BUNDLE_IDENTIFIER = "com.bryandebourbon.benodoro-Watch-AppUITests";
				PRODUCT_NAME = "$(TARGET_NAME)";
				SDKROOT = watchos;
				SWIFT_EMIT_LOC_STRINGS = NO;
				SWIFT_VERSION = 5.0;
				TARGETED_DEVICE_FAMILY = 4;
				TEST_TARGET_NAME = "benodoro Watch App";
				VALIDATE_PRODUCT = YES;
				WATCHOS_DEPLOYMENT_TARGET = 11.2;
			};
			name = Release;
		};
		2E074DA62D49CBAC00375131 /* Debug */ = {
			isa = XCBuildConfiguration;
			buildSettings = {
				ASSETCATALOG_COMPILER_GLOBAL_ACCENT_COLOR_NAME = AccentColor;
				ASSETCATALOG_COMPILER_WIDGET_BACKGROUND_COLOR_NAME = WidgetBackground;
				CODE_SIGN_ENTITLEMENTS = benodoroWatchWidgetExtension.entitlements;
				CODE_SIGN_STYLE = Automatic;
				CURRENT_PROJECT_VERSION = 1;
				DEVELOPMENT_TEAM = VZPMV36P9L;
				GENERATE_INFOPLIST_FILE = YES;
				INFOPLIST_FILE = benodoroWatchWidget/Info.plist;
				INFOPLIST_KEY_CFBundleDisplayName = benodoroWatchWidget;
				INFOPLIST_KEY_NSHumanReadableCopyright = "";
				LD_RUNPATH_SEARCH_PATHS = (
					"$(inherited)",
					"@executable_path/Frameworks",
					"@executable_path/../../Frameworks",
					"@executable_path/../../../../Frameworks",
				);
				MARKETING_VERSION = 1.0;
				PRODUCT_BUNDLE_IDENTIFIER = com.bryandebourbon.benodoro.watchkitapp.benodoroWatchWidget;
				PRODUCT_NAME = "$(TARGET_NAME)";
				SDKROOT = watchos;
				SKIP_INSTALL = YES;
				SWIFT_EMIT_LOC_STRINGS = YES;
				SWIFT_VERSION = 5.0;
				TARGETED_DEVICE_FAMILY = 4;
				WATCHOS_DEPLOYMENT_TARGET = 11.0;
			};
			name = Debug;
		};
		2E074DA72D49CBAC00375131 /* Release */ = {
			isa = XCBuildConfiguration;
			buildSettings = {
				ASSETCATALOG_COMPILER_GLOBAL_ACCENT_COLOR_NAME = AccentColor;
				ASSETCATALOG_COMPILER_WIDGET_BACKGROUND_COLOR_NAME = WidgetBackground;
				CODE_SIGN_ENTITLEMENTS = benodoroWatchWidgetExtension.entitlements;
				CODE_SIGN_STYLE = Automatic;
				CURRENT_PROJECT_VERSION = 1;
				DEVELOPMENT_TEAM = VZPMV36P9L;
				GENERATE_INFOPLIST_FILE = YES;
				INFOPLIST_FILE = benodoroWatchWidget/Info.plist;
				INFOPLIST_KEY_CFBundleDisplayName = benodoroWatchWidget;
				INFOPLIST_KEY_NSHumanReadableCopyright = "";
				LD_RUNPATH_SEARCH_PATHS = (
					"$(inherited)",
					"@executable_path/Frameworks",
					"@executable_path/../../Frameworks",
					"@executable_path/../../../../Frameworks",
				);
				MARKETING_VERSION = 1.0;
				PRODUCT_BUNDLE_IDENTIFIER = com.bryandebourbon.benodoro.watchkitapp.benodoroWatchWidget;
				PRODUCT_NAME = "$(TARGET_NAME)";
				SDKROOT = watchos;
				SKIP_INSTALL = YES;
				SWIFT_EMIT_LOC_STRINGS = YES;
				SWIFT_VERSION = 5.0;
				TARGETED_DEVICE_FAMILY = 4;
				VALIDATE_PRODUCT = YES;
				WATCHOS_DEPLOYMENT_TARGET = 11.0;
			};
			name = Release;
		};
		2E074DCF2D49CECC00375131 /* Debug */ = {
			isa = XCBuildConfiguration;
			buildSettings = {
				ASSETCATALOG_COMPILER_APPICON_NAME = AppIcon;
				ASSETCATALOG_COMPILER_GLOBAL_ACCENT_COLOR_NAME = AccentColor;
				CODE_SIGN_ENTITLEMENTS = benodoroMacApp/benodoroMacApp.entitlements;
				CODE_SIGN_STYLE = Automatic;
				COMBINE_HIDPI_IMAGES = YES;
				CURRENT_PROJECT_VERSION = 1;
				DEVELOPMENT_ASSET_PATHS = "\"benodoroMacApp/Preview Content\"";
				DEVELOPMENT_TEAM = VZPMV36P9L;
				ENABLE_HARDENED_RUNTIME = YES;
				ENABLE_PREVIEWS = YES;
				GENERATE_INFOPLIST_FILE = YES;
				INFOPLIST_KEY_NSHumanReadableCopyright = "";
				LD_RUNPATH_SEARCH_PATHS = (
					"$(inherited)",
					"@executable_path/../Frameworks",
				);
				MACOSX_DEPLOYMENT_TARGET = 15.2;
				MARKETING_VERSION = 1.0;
				PRODUCT_BUNDLE_IDENTIFIER = com.bryandebourbon.benodoro.watchkitapp.benodoroMacApp;
				PRODUCT_NAME = "$(TARGET_NAME)";
				SDKROOT = macosx;
				SWIFT_EMIT_LOC_STRINGS = YES;
				SWIFT_VERSION = 5.0;
			};
			name = Debug;
		};
		2E074DD02D49CECC00375131 /* Release */ = {
			isa = XCBuildConfiguration;
			buildSettings = {
				ASSETCATALOG_COMPILER_APPICON_NAME = AppIcon;
				ASSETCATALOG_COMPILER_GLOBAL_ACCENT_COLOR_NAME = AccentColor;
				CODE_SIGN_ENTITLEMENTS = benodoroMacApp/benodoroMacApp.entitlements;
				CODE_SIGN_STYLE = Automatic;
				COMBINE_HIDPI_IMAGES = YES;
				CURRENT_PROJECT_VERSION = 1;
				DEVELOPMENT_ASSET_PATHS = "\"benodoroMacApp/Preview Content\"";
				DEVELOPMENT_TEAM = VZPMV36P9L;
				ENABLE_HARDENED_RUNTIME = YES;
				ENABLE_PREVIEWS = YES;
				GENERATE_INFOPLIST_FILE = YES;
				INFOPLIST_KEY_NSHumanReadableCopyright = "";
				LD_RUNPATH_SEARCH_PATHS = (
					"$(inherited)",
					"@executable_path/../Frameworks",
				);
				MACOSX_DEPLOYMENT_TARGET = 15.2;
				MARKETING_VERSION = 1.0;
				PRODUCT_BUNDLE_IDENTIFIER = com.bryandebourbon.benodoro.watchkitapp.benodoroMacApp;
				PRODUCT_NAME = "$(TARGET_NAME)";
				SDKROOT = macosx;
				SWIFT_EMIT_LOC_STRINGS = YES;
				SWIFT_VERSION = 5.0;
			};
			name = Release;
		};
		2E074DD22D49CECC00375131 /* Debug */ = {
			isa = XCBuildConfiguration;
			buildSettings = {
				BUNDLE_LOADER = "$(TEST_HOST)";
				CODE_SIGN_STYLE = Automatic;
				CURRENT_PROJECT_VERSION = 1;
				DEVELOPMENT_TEAM = VZPMV36P9L;
				GENERATE_INFOPLIST_FILE = YES;
				MACOSX_DEPLOYMENT_TARGET = 15.2;
				MARKETING_VERSION = 1.0;
				PRODUCT_BUNDLE_IDENTIFIER = com.bryandebourbon.benodoro.watchkitapp.benodoroMacAppTests;
				PRODUCT_NAME = "$(TARGET_NAME)";
				SDKROOT = macosx;
				SWIFT_EMIT_LOC_STRINGS = NO;
				SWIFT_VERSION = 5.0;
				TEST_HOST = "$(BUILT_PRODUCTS_DIR)/benodoroMacApp.app/$(BUNDLE_EXECUTABLE_FOLDER_PATH)/benodoroMacApp";
			};
			name = Debug;
		};
		2E074DD32D49CECC00375131 /* Release */ = {
			isa = XCBuildConfiguration;
			buildSettings = {
				BUNDLE_LOADER = "$(TEST_HOST)";
				CODE_SIGN_STYLE = Automatic;
				CURRENT_PROJECT_VERSION = 1;
				DEVELOPMENT_TEAM = VZPMV36P9L;
				GENERATE_INFOPLIST_FILE = YES;
				MACOSX_DEPLOYMENT_TARGET = 15.2;
				MARKETING_VERSION = 1.0;
				PRODUCT_BUNDLE_IDENTIFIER = com.bryandebourbon.benodoro.watchkitapp.benodoroMacAppTests;
				PRODUCT_NAME = "$(TARGET_NAME)";
				SDKROOT = macosx;
				SWIFT_EMIT_LOC_STRINGS = NO;
				SWIFT_VERSION = 5.0;
				TEST_HOST = "$(BUILT_PRODUCTS_DIR)/benodoroMacApp.app/$(BUNDLE_EXECUTABLE_FOLDER_PATH)/benodoroMacApp";
			};
			name = Release;
		};
		2E074DD52D49CECC00375131 /* Debug */ = {
			isa = XCBuildConfiguration;
			buildSettings = {
				CODE_SIGN_STYLE = Automatic;
				CURRENT_PROJECT_VERSION = 1;
				DEVELOPMENT_TEAM = VZPMV36P9L;
				GENERATE_INFOPLIST_FILE = YES;
				MACOSX_DEPLOYMENT_TARGET = 15.2;
				MARKETING_VERSION = 1.0;
				PRODUCT_BUNDLE_IDENTIFIER = com.bryandebourbon.benodoro.watchkitapp.benodoroMacAppUITests;
				PRODUCT_NAME = "$(TARGET_NAME)";
				SDKROOT = macosx;
				SWIFT_EMIT_LOC_STRINGS = NO;
				SWIFT_VERSION = 5.0;
				TEST_TARGET_NAME = benodoroMacApp;
			};
			name = Debug;
		};
		2E074DD62D49CECC00375131 /* Release */ = {
			isa = XCBuildConfiguration;
			buildSettings = {
				CODE_SIGN_STYLE = Automatic;
				CURRENT_PROJECT_VERSION = 1;
				DEVELOPMENT_TEAM = VZPMV36P9L;
				GENERATE_INFOPLIST_FILE = YES;
				MACOSX_DEPLOYMENT_TARGET = 15.2;
				MARKETING_VERSION = 1.0;
				PRODUCT_BUNDLE_IDENTIFIER = com.bryandebourbon.benodoro.watchkitapp.benodoroMacAppUITests;
				PRODUCT_NAME = "$(TARGET_NAME)";
				SDKROOT = macosx;
				SWIFT_EMIT_LOC_STRINGS = NO;
				SWIFT_VERSION = 5.0;
				TEST_TARGET_NAME = benodoroMacApp;
			};
			name = Release;
		};
/* End XCBuildConfiguration section */

/* Begin XCConfigurationList section */
		2E074D142D49CAFC00375131 /* Build configuration list for PBXProject "benodoro" */ = {
			isa = XCConfigurationList;
			buildConfigurations = (
				2E074D632D49CAFF00375131 /* Debug */,
				2E074D642D49CAFF00375131 /* Release */,
			);
			defaultConfigurationIsVisible = 0;
			defaultConfigurationName = Release;
		};
		2E074D652D49CAFF00375131 /* Build configuration list for PBXNativeTarget "benodoro Watch App" */ = {
			isa = XCConfigurationList;
			buildConfigurations = (
				2E074D662D49CAFF00375131 /* Debug */,
				2E074D672D49CAFF00375131 /* Release */,
			);
			defaultConfigurationIsVisible = 0;
			defaultConfigurationName = Release;
		};
		2E074D692D49CAFF00375131 /* Build configuration list for PBXNativeTarget "benodoro" */ = {
			isa = XCConfigurationList;
			buildConfigurations = (
				2E074D6A2D49CAFF00375131 /* Debug */,
				2E074D6B2D49CAFF00375131 /* Release */,
			);
			defaultConfigurationIsVisible = 0;
			defaultConfigurationName = Release;
		};
		2E074D6C2D49CAFF00375131 /* Build configuration list for PBXNativeTarget "benodoroTests" */ = {
			isa = XCConfigurationList;
			buildConfigurations = (
				2E074D6D2D49CAFF00375131 /* Debug */,
				2E074D6E2D49CAFF00375131 /* Release */,
			);
			defaultConfigurationIsVisible = 0;
			defaultConfigurationName = Release;
		};
		2E074D6F2D49CAFF00375131 /* Build configuration list for PBXNativeTarget "benodoroUITests" */ = {
			isa = XCConfigurationList;
			buildConfigurations = (
				2E074D702D49CAFF00375131 /* Debug */,
				2E074D712D49CAFF00375131 /* Release */,
			);
			defaultConfigurationIsVisible = 0;
			defaultConfigurationName = Release;
		};
		2E074D722D49CAFF00375131 /* Build configuration list for PBXNativeTarget "benodoro Watch AppTests" */ = {
			isa = XCConfigurationList;
			buildConfigurations = (
				2E074D732D49CAFF00375131 /* Debug */,
				2E074D742D49CAFF00375131 /* Release */,
			);
			defaultConfigurationIsVisible = 0;
			defaultConfigurationName = Release;
		};
		2E074D752D49CAFF00375131 /* Build configuration list for PBXNativeTarget "benodoro Watch AppUITests" */ = {
			isa = XCConfigurationList;
			buildConfigurations = (
				2E074D762D49CAFF00375131 /* Debug */,
				2E074D772D49CAFF00375131 /* Release */,
			);
			defaultConfigurationIsVisible = 0;
			defaultConfigurationName = Release;
		};
		2E074DA52D49CBAC00375131 /* Build configuration list for PBXNativeTarget "benodoroWatchWidgetExtension" */ = {
			isa = XCConfigurationList;
			buildConfigurations = (
				2E074DA62D49CBAC00375131 /* Debug */,
				2E074DA72D49CBAC00375131 /* Release */,
			);
			defaultConfigurationIsVisible = 0;
			defaultConfigurationName = Release;
		};
		2E074DCE2D49CECC00375131 /* Build configuration list for PBXNativeTarget "benodoroMacApp" */ = {
			isa = XCConfigurationList;
			buildConfigurations = (
				2E074DCF2D49CECC00375131 /* Debug */,
				2E074DD02D49CECC00375131 /* Release */,
			);
			defaultConfigurationIsVisible = 0;
			defaultConfigurationName = Release;
		};
		2E074DD12D49CECC00375131 /* Build configuration list for PBXNativeTarget "benodoroMacAppTests" */ = {
			isa = XCConfigurationList;
			buildConfigurations = (
				2E074DD22D49CECC00375131 /* Debug */,
				2E074DD32D49CECC00375131 /* Release */,
			);
			defaultConfigurationIsVisible = 0;
			defaultConfigurationName = Release;
		};
		2E074DD42D49CECC00375131 /* Build configuration list for PBXNativeTarget "benodoroMacAppUITests" */ = {
			isa = XCConfigurationList;
			buildConfigurations = (
				2E074DD52D49CECC00375131 /* Debug */,
				2E074DD62D49CECC00375131 /* Release */,
			);
			defaultConfigurationIsVisible = 0;
			defaultConfigurationName = Release;
		};
/* End XCConfigurationList section */
	};
	rootObject = 2E074D112D49CAFC00375131 /* Project object */;
}
